
Microsoft Visual Studio Solution File, Format Version 12.00
# Visual Studio Version 17
VisualStudioVersion = 17.2.32519.379
MinimumVisualStudioVersion = 10.0.40219.1
Project("{FAE04EC0-301F-11D3-BF4B-00C04F79EFBC}") = "Q1", "Q1\Q1.csproj", "{FD7AC6BB-17E6-4787-B13C-2BB3B0DD57F8}"
EndProject
Global
	GlobalSection(SolutionConfigurationPlatforms) = preSolution
		Debug|Any CPU = Debug|Any CPU
		Release|Any CPU = Release|Any CPU
	EndGlobalSection
	GlobalSection(ProjectConfigurationPlatforms) = postSolution
		{FD7AC6BB-17E6-4787-B13C-2BB3B0DD57F8}.Debug|Any CPU.ActiveCfg = Debug|Any CPU
		{FD7AC6BB-17E6-4787-B13C-2BB3B0DD57F8}.Debug|Any CPU.Build.0 = Debug|Any CPU
		{FD7AC6BB-17E6-4787-B13C-2BB3B0DD57F8}.Release|Any CPU.ActiveCfg = Release|Any CPU
		{FD7AC6BB-17E6-4787-B13C-2BB3B0DD57F8}.Release|Any CPU.Build.0 = Release|Any CPU
	EndGlobalSection
	GlobalSection(SolutionProperties) = preSolution
		HideSolutionNode = FALSE
	EndGlobalSection
	GlobalSection(ExtensibilityGlobals) = postSolution
		SolutionGuid = {D1E10F6B-E49F-42CF-9863-8838C9CA351C}
	EndGlobalSection
EndGlobal
